
Microsoft Visual Studio Solution File, Format Version 12.00
# Visual Studio 15
VisualStudioVersion = 15.0.26228.4
MinimumVisualStudioVersion = 10.0.40219.1
Project("{2150E333-8FDC-42A3-9474-1A3956D46DE8}") = "src", "src", "{11E589CF-5D48-4651-AA72-B36186346B7E}"
EndProject
Project("{2150E333-8FDC-42A3-9474-1A3956D46DE8}") = "Solution Items", "Solution Items", "{D80051EA-A4F7-44F9-85A3-05B9DEBB548C}"
	ProjectSection(SolutionItems) = preProject
		README.md = README.md
	EndProjectSection
EndProject
Project("{9A19103F-16F7-4668-BE54-9A1E7A4F7556}") = "ConsoleWebLoad", "src\ConsoleWebLoad\ConsoleWebLoad.csproj", "{7423607F-0051-4F82-B52C-69719AB6A169}"
EndProject
Global
	GlobalSection(SolutionConfigurationPlatforms) = preSolution
		Debug|Any CPU = Debug|Any CPU
		Release|Any CPU = Release|Any CPU
	EndGlobalSection
	GlobalSection(ProjectConfigurationPlatforms) = postSolution
		{7423607F-0051-4F82-B52C-69719AB6A169}.Debug|Any CPU.ActiveCfg = Debug|Any CPU
		{7423607F-0051-4F82-B52C-69719AB6A169}.Debug|Any CPU.Build.0 = Debug|Any CPU
		{7423607F-0051-4F82-B52C-69719AB6A169}.Release|Any CPU.ActiveCfg = Release|Any CPU
		{7423607F-0051-4F82-B52C-69719AB6A169}.Release|Any CPU.Build.0 = Release|Any CPU
	EndGlobalSection
	GlobalSection(SolutionProperties) = preSolution
		HideSolutionNode = FALSE
	EndGlobalSection
	GlobalSection(NestedProjects) = preSolution
		{7423607F-0051-4F82-B52C-69719AB6A169} = {11E589CF-5D48-4651-AA72-B36186346B7E}
	EndGlobalSection
EndGlobal
